<?xml version="1.0" encoding="utf-8"?>
<Project ToolsVersion="4.0" xmlns="http://schemas.microsoft.com/developer/msbuild/2003">
  <ItemGroup>
    <ClCompile Include="src\main.cpp" />
    <ClCompile Include="src\Core\HostedGameData.cpp" />
    <ClCompile Include="src\Game\MpModeSelection.cpp" />
    <ClCompile Include="src\UI\Components\ListLoadingControl.cpp" />
    <ClCompile Include="src\UI\PluginUi.cpp" />
    <ClCompile Include="src\UI\ServerBrowserViewController.cpp" />
    <ClCompile Include="src\Game\MpConnect.cpp" />
  </ItemGroup>
  <ItemGroup>
    <ClInclude Include="include\main.hpp" />
    <ClInclude Include="include\Core\HostedGameData.hpp" />
    <ClInclude Include="include\Game\MpModeSelection.hpp" />
    <ClInclude Include="include\UI\Components\ListLoadingControl.hpp" />
    <ClInclude Include="include\UI\Components\LobbyConfigPanel.hpp" />
    <ClInclude Include="include\UI\PluginUi.hpp" />
    <ClInclude Include="include\UI\ServerBrowserViewController.hpp" />
    <ClInclude Include="include\Game\MpConnect.hpp" />
  </ItemGroup>
  <ItemGroup>
    <None Include="Android.mk" />
    <None Include="qpm.json" />
    <None Include="start-logging.ps1" />
    <None Include="buildQMOD.ps1" />
    <None Include="build.ps1" />
    <None Include="Application.mk" />
    <None Include="CppProperties.json" />
    <None Include="copy.ps1" />
    <None Include="ndk-stack.ps1" />
    <None Include="restart-game.ps1" />
    <None Include="cpp.hint" />
  </ItemGroup>
</Project>