
Microsoft Visual Studio Solution File, Format Version 12.00
# Visual Studio Version 16
VisualStudioVersion = 16.0.31424.327
MinimumVisualStudioVersion = 10.0.40219.1
Project("{8BC9CEB8-8B4A-11D0-8D11-00A0C91BC942}") = "BeatSaberServerBrowserQuest", "BeatSaberServerBrowserQuest.vcxproj", "{BB878D18-CA6F-425A-8418-41AE19E5EAA1}"
EndProject
Global
	GlobalSection(SolutionConfigurationPlatforms) = preSolution
		Debug|ARM = Debug|ARM
		Debug|ARM64 = Debug|ARM64
		Debug|x64 = Debug|x64
		Debug|x86 = Debug|x86
		Release|ARM = Release|ARM
		Release|ARM64 = Release|ARM64
		Release|x64 = Release|x64
		Release|x86 = Release|x86
	EndGlobalSection
	GlobalSection(ProjectConfigurationPlatforms) = postSolution
		{BB878D18-CA6F-425A-8418-41AE19E5EAA1}.Debug|ARM.ActiveCfg = Debug|ARM
		{BB878D18-CA6F-425A-8418-41AE19E5EAA1}.Debug|ARM.Build.0 = Debug|ARM
		{BB878D18-CA6F-425A-8418-41AE19E5EAA1}.Debug|ARM64.ActiveCfg = Debug|ARM64
		{BB878D18-CA6F-425A-8418-41AE19E5EAA1}.Debug|ARM64.Build.0 = Debug|ARM64
		{BB878D18-CA6F-425A-8418-41AE19E5EAA1}.Debug|x64.ActiveCfg = Debug|x64
		{BB878D18-CA6F-425A-8418-41AE19E5EAA1}.Debug|x64.Build.0 = Debug|x64
		{BB878D18-CA6F-425A-8418-41AE19E5EAA1}.Debug|x86.ActiveCfg = Debug|x86
		{BB878D18-CA6F-425A-8418-41AE19E5EAA1}.Debug|x86.Build.0 = Debug|x86
		{BB878D18-CA6F-425A-8418-41AE19E5EAA1}.Release|ARM.ActiveCfg = Release|ARM
		{BB878D18-CA6F-425A-8418-41AE19E5EAA1}.Release|ARM.Build.0 = Release|ARM
		{BB878D18-CA6F-425A-8418-41AE19E5EAA1}.Release|ARM64.ActiveCfg = Release|ARM64
		{BB878D18-CA6F-425A-8418-41AE19E5EAA1}.Release|ARM64.Build.0 = Release|ARM64
		{BB878D18-CA6F-425A-8418-41AE19E5EAA1}.Release|x64.ActiveCfg = Release|x64
		{BB878D18-CA6F-425A-8418-41AE19E5EAA1}.Release|x64.Build.0 = Release|x64
		{BB878D18-CA6F-425A-8418-41AE19E5EAA1}.Release|x86.ActiveCfg = Release|x86
		{BB878D18-CA6F-425A-8418-41AE19E5EAA1}.Release|x86.Build.0 = Release|x86
	EndGlobalSection
	GlobalSection(SolutionProperties) = preSolution
		HideSolutionNode = FALSE
	EndGlobalSection
	GlobalSection(ExtensibilityGlobals) = postSolution
		SolutionGuid = {51C57066-DCBD-4619-8BB9-A803D6D7BECA}
	EndGlobalSection
EndGlobal
